// !$*UTF8*$!
{
	archiveVersion = 1;
	classes = {
	};
	objectVersion = 50;
	objects = {

/* Begin PBXBuildFile section */
		3261F01424199A9B00B49B0C /* LogoEDP.jpg in Resources */ = {isa = PBXBuildFile; fileRef = 3261F01324199A9B00B49B0C /* LogoEDP.jpg */; };
		32973F9424190959003AD75A /* AppDelegate.swift in Sources */ = {isa = PBXBuildFile; fileRef = 32973F9324190959003AD75A /* AppDelegate.swift */; };
		32973F9624190959003AD75A /* SceneDelegate.swift in Sources */ = {isa = PBXBuildFile; fileRef = 32973F9524190959003AD75A /* SceneDelegate.swift */; };
		32973F9824190959003AD75A /* ViewController.swift in Sources */ = {isa = PBXBuildFile; fileRef = 32973F9724190959003AD75A /* ViewController.swift */; };
		32973F9B24190959003AD75A /* Main.storyboard in Resources */ = {isa = PBXBuildFile; fileRef = 32973F9924190959003AD75A /* Main.storyboard */; };
		32973F9D2419095A003AD75A /* Assets.xcassets in Resources */ = {isa = PBXBuildFile; fileRef = 32973F9C2419095A003AD75A /* Assets.xcassets */; };
		32973FA02419095A003AD75A /* LaunchScreen.storyboard in Resources */ = {isa = PBXBuildFile; fileRef = 32973F9E2419095A003AD75A /* LaunchScreen.storyboard */; };
		32973FA924191801003AD75A /* Player1ViewController.swift in Sources */ = {isa = PBXBuildFile; fileRef = 32973FA824191801003AD75A /* Player1ViewController.swift */; };
		32973FAB241918FB003AD75A /* Player2ViewController.swift in Sources */ = {isa = PBXBuildFile; fileRef = 32973FAA241918FB003AD75A /* Player2ViewController.swift */; };
		32973FAD2419197B003AD75A /* Player3ViewController.swift in Sources */ = {isa = PBXBuildFile; fileRef = 32973FAC2419197B003AD75A /* Player3ViewController.swift */; };
		32973FAF24191A1D003AD75A /* Player4ViewController.swift in Sources */ = {isa = PBXBuildFile; fileRef = 32973FAE24191A1D003AD75A /* Player4ViewController.swift */; };
/* End PBXBuildFile section */

/* Begin PBXFileReference section */
		3261F01324199A9B00B49B0C /* LogoEDP.jpg */ = {isa = PBXFileReference; lastKnownFileType = image.jpeg; name = LogoEDP.jpg; path = ../../../../Downloads/LogoEDP.jpg; sourceTree = "<group>"; };
		32973F9024190959003AD75A /* App5.app */ = {isa = PBXFileReference; explicitFileType = wrapper.application; includeInIndex = 0; path = App5.app; sourceTree = BUILT_PRODUCTS_DIR; };
		32973F9324190959003AD75A /* AppDelegate.swift */ = {isa = PBXFileReference; lastKnownFileType = sourcecode.swift; path = AppDelegate.swift; sourceTree = "<group>"; };
		32973F9524190959003AD75A /* SceneDelegate.swift */ = {isa = PBXFileReference; lastKnownFileType = sourcecode.swift; path = SceneDelegate.swift; sourceTree = "<group>"; };
		32973F9724190959003AD75A /* ViewController.swift */ = {isa = PBXFileReference; lastKnownFileType = sourcecode.swift; path = ViewController.swift; sourceTree = "<group>"; };
		32973F9A24190959003AD75A /* Base */ = {isa = PBXFileReference; lastKnownFileType = file.storyboard; name = Base; path = Base.lproj/Main.storyboard; sourceTree = "<group>"; };
		32973F9C2419095A003AD75A /* Assets.xcassets */ = {isa = PBXFileReference; lastKnownFileType = folder.assetcatalog; path = Assets.xcassets; sourceTree = "<group>"; };
		32973F9F2419095A003AD75A /* Base */ = {isa = PBXFileReference; lastKnownFileType = file.storyboard; name = Base; path = Base.lproj/LaunchScreen.storyboard; sourceTree = "<group>"; };
		32973FA12419095A003AD75A /* Info.plist */ = {isa = PBXFileReference; lastKnownFileType = text.plist.xml; path = Info.plist; sourceTree = "<group>"; };
		32973FA824191801003AD75A /* Player1ViewController.swift */ = {isa = PBXFileReference; lastKnownFileType = sourcecode.swift; path = Player1ViewController.swift; sourceTree = "<group>"; };
		32973FAA241918FB003AD75A /* Player2ViewController.swift */ = {isa = PBXFileReference; lastKnownFileType = sourcecode.swift; path = Player2ViewController.swift; sourceTree = "<group>"; };
		32973FAC2419197B003AD75A /* Player3ViewController.swift */ = {isa = PBXFileReference; lastKnownFileType = sourcecode.swift; path = Player3ViewController.swift; sourceTree = "<group>"; };
		32973FAE24191A1D003AD75A /* Player4ViewController.swift */ = {isa = PBXFileReference; lastKnownFileType = sourcecode.swift; path = Player4ViewController.swift; sourceTree = "<group>"; };
/* End PBXFileReference section */

/* Begin PBXFrameworksBuildPhase section */
		32973F8D24190959003AD75A /* Frameworks */ = {
			isa = PBXFrameworksBuildPhase;
			buildActionMask = 2147483647;
			files = (
			);
			runOnlyForDeploymentPostprocessing = 0;
		};
/* End PBXFrameworksBuildPhase section */

/* Begin PBXGroup section */
		32973F8724190959003AD75A = {
			isa = PBXGroup;
			children = (
				32973F9224190959003AD75A /* App5 */,
				32973F9124190959003AD75A /* Products */,
			);
			sourceTree = "<group>";
		};
		32973F9124190959003AD75A /* Products */ = {
			isa = PBXGroup;
			children = (
				32973F9024190959003AD75A /* App5.app */,
			);
			name = Products;
			sourceTree = "<group>";
		};
		32973F9224190959003AD75A /* App5 */ = {
			isa = PBXGroup;
			children = (
				32973F9324190959003AD75A /* AppDelegate.swift */,
				32973F9524190959003AD75A /* SceneDelegate.swift */,
				32973F9724190959003AD75A /* ViewController.swift */,
				32973FA824191801003AD75A /* Player1ViewController.swift */,
				32973FAA241918FB003AD75A /* Player2ViewController.swift */,
				32973FAC2419197B003AD75A /* Player3ViewController.swift */,
				32973FAE24191A1D003AD75A /* Player4ViewController.swift */,
				32973F9924190959003AD75A /* Main.storyboard */,
				32973F9C2419095A003AD75A /* Assets.xcassets */,
				3261F01324199A9B00B49B0C /* LogoEDP.jpg */,
				32973F9E2419095A003AD75A /* LaunchScreen.storyboard */,
				32973FA12419095A003AD75A /* Info.plist */,
			);
			path = App5;
			sourceTree = "<group>";
		};
/* End PBXGroup section */

/* Begin PBXNativeTarget section */
		32973F8F24190959003AD75A /* App5 */ = {
			isa = PBXNativeTarget;
			buildConfigurationList = 32973FA42419095A003AD75A /* Build configuration list for PBXNativeTarget "App5" */;
			buildPhases = (
				32973F8C24190959003AD75A /* Sources */,
				32973F8D24190959003AD75A /* Frameworks */,
				32973F8E24190959003AD75A /* Resources */,
			);
			buildRules = (
			);
			dependencies = (
			);
			name = App5;
			productName = App5;
			productReference = 32973F9024190959003AD75A /* App5.app */;
			productType = "com.apple.product-type.application";
		};
/* End PBXNativeTarget section */

/* Begin PBXProject section */
		32973F8824190959003AD75A /* Project object */ = {
			isa = PBXProject;
			attributes = {
				LastSwiftUpdateCheck = 1130;
				LastUpgradeCheck = 1130;
				ORGANIZATIONNAME = "Lorena Garcia-Foncillas";
				TargetAttributes = {
					32973F8F24190959003AD75A = {
						CreatedOnToolsVersion = 11.3.1;
					};
				};
			};
			buildConfigurationList = 32973F8B24190959003AD75A /* Build configuration list for PBXProject "App5" */;
			compatibilityVersion = "Xcode 9.3";
			developmentRegion = en;
			hasScannedForEncodings = 0;
			knownRegions = (
				en,
				Base,
			);
			mainGroup = 32973F8724190959003AD75A;
			productRefGroup = 32973F9124190959003AD75A /* Products */;
			projectDirPath = "";
			projectRoot = "";
			targets = (
				32973F8F24190959003AD75A /* App5 */,
			);
		};
/* End PBXProject section */

/* Begin PBXResourcesBuildPhase section */
		32973F8E24190959003AD75A /* Resources */ = {
			isa = PBXResourcesBuildPhase;
			buildActionMask = 2147483647;
			files = (
				3261F01424199A9B00B49B0C /* LogoEDP.jpg in Resources */,
				32973FA02419095A003AD75A /* LaunchScreen.storyboard in Resources */,
				32973F9D2419095A003AD75A /* Assets.xcassets in Resources */,
				32973F9B24190959003AD75A /* Main.storyboard in Resources */,
			);
			runOnlyForDeploymentPostprocessing = 0;
		};
/* End PBXResourcesBuildPhase section */

/* Begin PBXSourcesBuildPhase section */
		32973F8C24190959003AD75A /* Sources */ = {
			isa = PBXSourcesBuildPhase;
			buildActionMask = 2147483647;
			files = (
				32973F9824190959003AD75A /* ViewController.swift in Sources */,
				32973F9424190959003AD75A /* AppDelegate.swift in Sources */,
				32973F9624190959003AD75A /* SceneDelegate.swift in Sources */,
				32973FAD2419197B003AD75A /* Player3ViewController.swift in Sources */,
				32973FAF24191A1D003AD75A /* Player4ViewController.swift in Sources */,
				32973FAB241918FB003AD75A /* Player2ViewController.swift in Sources */,
				32973FA924191801003AD75A /* Player1ViewController.swift in Sources */,
			);
			runOnlyForDeploymentPostprocessing = 0;
		};
/* End PBXSourcesBuildPhase section */

/* Begin PBXVariantGroup section */
		32973F9924190959003AD75A /* Main.storyboard */ = {
			isa = PBXVariantGroup;
			children = (
				32973F9A24190959003AD75A /* Base */,
			);
			name = Main.storyboard;
			sourceTree = "<group>";
		};
		32973F9E2419095A003AD75A /* LaunchScreen.storyboard */ = {
			isa = PBXVariantGroup;
			children = (
				32973F9F2419095A003AD75A /* Base */,
			);
			name = LaunchScreen.storyboard;
			sourceTree = "<group>";
		};
/* End PBXVariantGroup section */

/* Begin XCBuildConfiguration section */
		32973FA22419095A003AD75A /* Debug */ = {
			isa = XCBuildConfiguration;
			buildSettings = {
				ALWAYS_SEARCH_USER_PATHS = NO;
				CLANG_ANALYZER_NONNULL = YES;
				CLANG_ANALYZER_NUMBER_OBJECT_CONVERSION = YES_AGGRESSIVE;
				CLANG_CXX_LANGUAGE_STANDARD = "gnu++14";
				CLANG_CXX_LIBRARY = "libc++";
				CLANG_ENABLE_MODULES = YES;
				CLANG_ENABLE_OBJC_ARC = YES;
				CLANG_ENABLE_OBJC_WEAK = YES;
				CLANG_WARN_BLOCK_CAPTURE_AUTORELEASING = YES;
				CLANG_WARN_BOOL_CONVERSION = YES;
				CLANG_WARN_COMMA = YES;
				CLANG_WARN_CONSTANT_CONVERSION = YES;
				CLANG_WARN_DEPRECATED_OBJC_IMPLEMENTATIONS = YES;
				CLANG_WARN_DIRECT_OBJC_ISA_USAGE = YES_ERROR;
				CLANG_WARN_DOCUMENTATION_COMMENTS = YES;
				CLANG_WARN_EMPTY_BODY = YES;
				CLANG_WARN_ENUM_CONVERSION = YES;
				CLANG_WARN_INFINITE_RECURSION = YES;
				CLANG_WARN_INT_CONVERSION = YES;
				CLANG_WARN_NON_LITERAL_NULL_CONVERSION = YES;
				CLANG_WARN_OBJC_IMPLICIT_RETAIN_SELF = YES;
				CLANG_WARN_OBJC_LITERAL_CONVERSION = YES;
				CLANG_WARN_OBJC_ROOT_CLASS = YES_ERROR;
				CLANG_WARN_RANGE_LOOP_ANALYSIS = YES;
				CLANG_WARN_STRICT_PROTOTYPES = YES;
				CLANG_WARN_SUSPICIOUS_MOVE = YES;
				CLANG_WARN_UNGUARDED_AVAILABILITY = YES_AGGRESSIVE;
				CLANG_WARN_UNREACHABLE_CODE = YES;
				CLANG_WARN__DUPLICATE_METHOD_MATCH = YES;
				COPY_PHASE_STRIP = NO;
				DEBUG_INFORMATION_FORMAT = dwarf;
				ENABLE_STRICT_OBJC_MSGSEND = YES;
				ENABLE_TESTABILITY = YES;
				GCC_C_LANGUAGE_STANDARD = gnu11;
				GCC_DYNAMIC_NO_PIC = NO;
				GCC_NO_COMMON_BLOCKS = YES;
				GCC_OPTIMIZATION_LEVEL = 0;
				GCC_PREPROCESSOR_DEFINITIONS = (
					"DEBUG=1",
					"$(inherited)",
				);
				GCC_WARN_64_TO_32_BIT_CONVERSION = YES;
				GCC_WARN_ABOUT_RETURN_TYPE = YES_ERROR;
				GCC_WARN_UNDECLARED_SELECTOR = YES;
				GCC_WARN_UNINITIALIZED_AUTOS = YES_AGGRESSIVE;
				GCC_WARN_UNUSED_FUNCTION = YES;
				GCC_WARN_UNUSED_VARIABLE = YES;
				IPHONEOS_DEPLOYMENT_TARGET = 13.2;
				MTL_ENABLE_DEBUG_INFO = INCLUDE_SOURCE;
				MTL_FAST_MATH = YES;
				ONLY_ACTIVE_ARCH = YES;
				SDKROOT = iphoneos;
				SWIFT_ACTIVE_COMPILATION_CONDITIONS = DEBUG;
				SWIFT_OPTIMIZATION_LEVEL = "-Onone";
			};
			name = Debug;
		};
		32973FA32419095A003AD75A /* Release */ = {
			isa = XCBuildConfiguration;
			buildSettings = {
				ALWAYS_SEARCH_USER_PATHS = NO;
				CLANG_ANALYZER_NONNULL = YES;
				CLANG_ANALYZER_NUMBER_OBJECT_CONVERSION = YES_AGGRESSIVE;
				CLANG_CXX_LANGUAGE_STANDARD = "gnu++14";
				CLANG_CXX_LIBRARY = "libc++";
				CLANG_ENABLE_MODULES = YES;
				CLANG_ENABLE_OBJC_ARC = YES;
				CLANG_ENABLE_OBJC_WEAK = YES;
				CLANG_WARN_BLOCK_CAPTURE_AUTORELEASING = YES;
				CLANG_WARN_BOOL_CONVERSION = YES;
				CLANG_WARN_COMMA = YES;
				CLANG_WARN_CONSTANT_CONVERSION = YES;
				CLANG_WARN_DEPRECATED_OBJC_IMPLEMENTATIONS = YES;
				CLANG_WARN_DIRECT_OBJC_ISA_USAGE = YES_ERROR;
				CLANG_WARN_DOCUMENTATION_COMMENTS = YES;
				CLANG_WARN_EMPTY_BODY = YES;
				CLANG_WARN_ENUM_CONVERSION = YES;
				CLANG_WARN_INFINITE_RECURSION = YES;
				CLANG_WARN_INT_CONVERSION = YES;
				CLANG_WARN_NON_LITERAL_NULL_CONVERSION = YES;
				CLANG_WARN_OBJC_IMPLICIT_RETAIN_SELF = YES;
				CLANG_WARN_OBJC_LITERAL_CONVERSION = YES;
				CLANG_WARN_OBJC_ROOT_CLASS = YES_ERROR;
				CLANG_WARN_RANGE_LOOP_ANALYSIS = YES;
				CLANG_WARN_STRICT_PROTOTYPES = YES;
				CLANG_WARN_SUSPICIOUS_MOVE = YES;
				CLANG_WARN_UNGUARDED_AVAILABILITY = YES_AGGRESSIVE;
				CLANG_WARN_UNREACHABLE_CODE = YES;
				CLANG_WARN__DUPLICATE_METHOD_MATCH = YES;
				COPY_PHASE_STRIP = NO;
				DEBUG_INFORMATION_FORMAT = "dwarf-with-dsym";
				ENABLE_NS_ASSERTIONS = NO;
				ENABLE_STRICT_OBJC_MSGSEND = YES;
				GCC_C_LANGUAGE_STANDARD = gnu11;
				GCC_NO_COMMON_BLOCKS = YES;
				GCC_WARN_64_TO_32_BIT_CONVERSION = YES;
				GCC_WARN_ABOUT_RETURN_TYPE = YES_ERROR;
				GCC_WARN_UNDECLARED_SELECTOR = YES;
				GCC_WARN_UNINITIALIZED_AUTOS = YES_AGGRESSIVE;
				GCC_WARN_UNUSED_FUNCTION = YES;
				GCC_WARN_UNUSED_VARIABLE = YES;
				IPHONEOS_DEPLOYMENT_TARGET = 13.2;
				MTL_ENABLE_DEBUG_INFO = NO;
				MTL_FAST_MATH = YES;
				SDKROOT = iphoneos;
				SWIFT_COMPILATION_MODE = wholemodule;
				SWIFT_OPTIMIZATION_LEVEL = "-O";
				VALIDATE_PRODUCT = YES;
			};
			name = Release;
		};
		32973FA52419095A003AD75A /* Debug */ = {
			isa = XCBuildConfiguration;
			buildSettings = {
				ASSETCATALOG_COMPILER_APPICON_NAME = "AppIcon-1";
				CODE_SIGN_STYLE = Automatic;
				DEVELOPMENT_TEAM = UKC7AR22L3;
				INFOPLIST_FILE = App5/Info.plist;
				LD_RUNPATH_SEARCH_PATHS = (
					"$(inherited)",
					"@executable_path/Frameworks",
				);
				PRODUCT_BUNDLE_IDENTIFIER = "com.LorenaGarcia-Foncillas.App5";
				PRODUCT_NAME = "$(TARGET_NAME)";
				SWIFT_VERSION = 5.0;
				TARGETED_DEVICE_FAMILY = "1,2";
			};
			name = Debug;
		};
		32973FA62419095A003AD75A /* Release */ = {
			isa = XCBuildConfiguration;
			buildSettings = {
				ASSETCATALOG_COMPILER_APPICON_NAME = "AppIcon-1";
				CODE_SIGN_STYLE = Automatic;
				DEVELOPMENT_TEAM = UKC7AR22L3;
				INFOPLIST_FILE = App5/Info.plist;
				LD_RUNPATH_SEARCH_PATHS = (
					"$(inherited)",
					"@executable_path/Frameworks",
				);
				PRODUCT_BUNDLE_IDENTIFIER = "com.LorenaGarcia-Foncillas.App5";
				PRODUCT_NAME = "$(TARGET_NAME)";
				SWIFT_VERSION = 5.0;
				TARGETED_DEVICE_FAMILY = "1,2";
			};
			name = Release;
		};
/* End XCBuildConfiguration section */

/* Begin XCConfigurationList section */
		32973F8B24190959003AD75A /* Build configuration list for PBXProject "App5" */ = {
			isa = XCConfigurationList;
			buildConfigurations = (
				32973FA22419095A003AD75A /* Debug */,
				32973FA32419095A003AD75A /* Release */,
			);
			defaultConfigurationIsVisible = 0;
			defaultConfigurationName = Release;
		};
		32973FA42419095A003AD75A /* Build configuration list for PBXNativeTarget "App5" */ = {
			isa = XCConfigurationList;
			buildConfigurations = (
				32973FA52419095A003AD75A /* Debug */,
				32973FA62419095A003AD75A /* Release */,
			);
			defaultConfigurationIsVisible = 0;
			defaultConfigurationName = Release;
		};
/* End XCConfigurationList section */
	};
	rootObject = 32973F8824190959003AD75A /* Project object */;
}
